
Microsoft Visual Studio Solution File, Format Version 12.00
# Visual Studio Version 17
VisualStudioVersion = 17.0.31606.5
MinimumVisualStudioVersion = 10.0.40219.1
Project("{9A19103F-16F7-4668-BE54-9A1E7A4F7556}") = "RPedretti.TestGraphQL.Server", "RPedretti.TestGraphQL.Server\RPedretti.TestGraphQL.Server.csproj", "{07A7D71F-C446-4019-A18E-C8384A623A5C}"
EndProject
Project("{9A19103F-16F7-4668-BE54-9A1E7A4F7556}") = "RPedretti.TestGraphQL.Client", "RPedretti.TestGraphQL.Client\RPedretti.TestGraphQL.Client.csproj", "{BD7199FD-3E42-4A5E-A525-02ACFD107C7B}"
EndProject
Project("{9A19103F-16F7-4668-BE54-9A1E7A4F7556}") = "RPedretti.TestGraphQL.Consumer", "RPedretti.TestGraphQL.Consumer\RPedretti.TestGraphQL.Consumer.csproj", "{E6DE47B8-8342-4616-9589-44E3C06045EE}"
EndProject
Project("{9A19103F-16F7-4668-BE54-9A1E7A4F7556}") = "RPedretti.TestGraphQL.Web", "RPedretti.TestGraphQL.Web\RPedretti.TestGraphQL.Web.csproj", "{1A0C7695-331A-4E65-9434-1959CE8BE565}"
EndProject
Project("{9A19103F-16F7-4668-BE54-9A1E7A4F7556}") = "RPedretti.TestGraphQL.Services", "RPedretti.TestGraphQL.Services\RPedretti.TestGraphQL.Services.csproj", "{381DCA39-73A8-41FE-9F8C-EBD0DF5CF85A}"
EndProject
Project("{9A19103F-16F7-4668-BE54-9A1E7A4F7556}") = "RPedretti.TestGraphQL.Types", "RPedretti.TestGraphQL.Types\RPedretti.TestGraphQL.Types.csproj", "{DA240C39-270E-42ED-B57D-D4D0FAF0FD56}"
EndProject
Project("{9A19103F-16F7-4668-BE54-9A1E7A4F7556}") = "RPedretti.TestGraphQL.WebApi", "RPedretti.TestGraphQL.WebApi\RPedretti.TestGraphQL.WebApi.csproj", "{53AB2C2F-23DE-4122-848F-06F4F0FFB9C2}"
EndProject
Project("{2150E333-8FDC-42A3-9474-1A3956D46DE8}") = "Clients", "Clients", "{4AE16520-372A-4478-ACB7-6AE95DD08C70}"
EndProject
Project("{2150E333-8FDC-42A3-9474-1A3956D46DE8}") = "Servers", "Servers", "{914B97CC-69CD-4728-BB24-0187BD8F974F}"
EndProject
Project("{2150E333-8FDC-42A3-9474-1A3956D46DE8}") = "Shared", "Shared", "{1317980D-456B-4A52-82AD-A2548CF72ECA}"
EndProject
Global
	GlobalSection(SolutionConfigurationPlatforms) = preSolution
		Debug|Any CPU = Debug|Any CPU
		Release|Any CPU = Release|Any CPU
	EndGlobalSection
	GlobalSection(ProjectConfigurationPlatforms) = postSolution
		{07A7D71F-C446-4019-A18E-C8384A623A5C}.Debug|Any CPU.ActiveCfg = Debug|Any CPU
		{07A7D71F-C446-4019-A18E-C8384A623A5C}.Debug|Any CPU.Build.0 = Debug|Any CPU
		{07A7D71F-C446-4019-A18E-C8384A623A5C}.Release|Any CPU.ActiveCfg = Release|Any CPU
		{07A7D71F-C446-4019-A18E-C8384A623A5C}.Release|Any CPU.Build.0 = Release|Any CPU
		{BD7199FD-3E42-4A5E-A525-02ACFD107C7B}.Debug|Any CPU.ActiveCfg = Debug|Any CPU
		{BD7199FD-3E42-4A5E-A525-02ACFD107C7B}.Debug|Any CPU.Build.0 = Debug|Any CPU
		{BD7199FD-3E42-4A5E-A525-02ACFD107C7B}.Release|Any CPU.ActiveCfg = Release|Any CPU
		{BD7199FD-3E42-4A5E-A525-02ACFD107C7B}.Release|Any CPU.Build.0 = Release|Any CPU
		{E6DE47B8-8342-4616-9589-44E3C06045EE}.Debug|Any CPU.ActiveCfg = Debug|Any CPU
		{E6DE47B8-8342-4616-9589-44E3C06045EE}.Debug|Any CPU.Build.0 = Debug|Any CPU
		{E6DE47B8-8342-4616-9589-44E3C06045EE}.Release|Any CPU.ActiveCfg = Release|Any CPU
		{E6DE47B8-8342-4616-9589-44E3C06045EE}.Release|Any CPU.Build.0 = Release|Any CPU
		{1A0C7695-331A-4E65-9434-1959CE8BE565}.Debug|Any CPU.ActiveCfg = Debug|Any CPU
		{1A0C7695-331A-4E65-9434-1959CE8BE565}.Debug|Any CPU.Build.0 = Debug|Any CPU
		{1A0C7695-331A-4E65-9434-1959CE8BE565}.Release|Any CPU.ActiveCfg = Release|Any CPU
		{1A0C7695-331A-4E65-9434-1959CE8BE565}.Release|Any CPU.Build.0 = Release|Any CPU
		{381DCA39-73A8-41FE-9F8C-EBD0DF5CF85A}.Debug|Any CPU.ActiveCfg = Debug|Any CPU
		{381DCA39-73A8-41FE-9F8C-EBD0DF5CF85A}.Debug|Any CPU.Build.0 = Debug|Any CPU
		{381DCA39-73A8-41FE-9F8C-EBD0DF5CF85A}.Release|Any CPU.ActiveCfg = Release|Any CPU
		{381DCA39-73A8-41FE-9F8C-EBD0DF5CF85A}.Release|Any CPU.Build.0 = Release|Any CPU
		{DA240C39-270E-42ED-B57D-D4D0FAF0FD56}.Debug|Any CPU.ActiveCfg = Debug|Any CPU
		{DA240C39-270E-42ED-B57D-D4D0FAF0FD56}.Debug|Any CPU.Build.0 = Debug|Any CPU
		{DA240C39-270E-42ED-B57D-D4D0FAF0FD56}.Release|Any CPU.ActiveCfg = Release|Any CPU
		{DA240C39-270E-42ED-B57D-D4D0FAF0FD56}.Release|Any CPU.Build.0 = Release|Any CPU
		{53AB2C2F-23DE-4122-848F-06F4F0FFB9C2}.Debug|Any CPU.ActiveCfg = Debug|Any CPU
		{53AB2C2F-23DE-4122-848F-06F4F0FFB9C2}.Debug|Any CPU.Build.0 = Debug|Any CPU
		{53AB2C2F-23DE-4122-848F-06F4F0FFB9C2}.Release|Any CPU.ActiveCfg = Release|Any CPU
		{53AB2C2F-23DE-4122-848F-06F4F0FFB9C2}.Release|Any CPU.Build.0 = Release|Any CPU
	EndGlobalSection
	GlobalSection(SolutionProperties) = preSolution
		HideSolutionNode = FALSE
	EndGlobalSection
	GlobalSection(NestedProjects) = preSolution
		{07A7D71F-C446-4019-A18E-C8384A623A5C} = {914B97CC-69CD-4728-BB24-0187BD8F974F}
		{BD7199FD-3E42-4A5E-A525-02ACFD107C7B} = {1317980D-456B-4A52-82AD-A2548CF72ECA}
		{E6DE47B8-8342-4616-9589-44E3C06045EE} = {4AE16520-372A-4478-ACB7-6AE95DD08C70}
		{1A0C7695-331A-4E65-9434-1959CE8BE565} = {4AE16520-372A-4478-ACB7-6AE95DD08C70}
		{381DCA39-73A8-41FE-9F8C-EBD0DF5CF85A} = {1317980D-456B-4A52-82AD-A2548CF72ECA}
		{DA240C39-270E-42ED-B57D-D4D0FAF0FD56} = {1317980D-456B-4A52-82AD-A2548CF72ECA}
		{53AB2C2F-23DE-4122-848F-06F4F0FFB9C2} = {914B97CC-69CD-4728-BB24-0187BD8F974F}
	EndGlobalSection
	GlobalSection(ExtensibilityGlobals) = postSolution
		SolutionGuid = {3496A8AD-FCF6-4405-B29A-FAFC8A2097A9}
	EndGlobalSection
EndGlobal
